<?xml version="1.0" encoding="utf-8"?>
<Project ToolsVersion="4.0" xmlns="http://schemas.microsoft.com/developer/msbuild/2003">
  <ItemGroup>
    <Filter Include="win32">
      <UniqueIdentifier>{84a8ebd7-7cf0-47f6-b75e-d441df67da40}</UniqueIdentifier>
    </Filter>
    <Filter Include="resource">
      <UniqueIdentifier>{715254bc-d70b-4ec5-bf29-467dd3ace079}</UniqueIdentifier>
    </Filter>
    <Filter Include="src">
      <UniqueIdentifier>{bb6c862e-70e9-49d9-81b7-3829a6f50471}</UniqueIdentifier>
    </Filter>
    <Filter Include="src\AppDelegate">
      <UniqueIdentifier>{4a5f6226-b101-4a73-b941-ecbc3b20e1b0}</UniqueIdentifier>
    </Filter>
    <Filter Include="src\Core">
      <UniqueIdentifier>{d4dc1727-a852-467b-86c1-6782e14101cf}</UniqueIdentifier>
    </Filter>
  </ItemGroup>
  <ItemGroup>
    <ClCompile Include="main.cpp">
      <Filter>win32</Filter>
    </ClCompile>
    <ClCompile Include="..\Classes\HelloWorldScene.cpp">
      <Filter>src</Filter>
    </ClCompile>
    <ClCompile Include="..\Classes\Core\GameDirector.cpp">
      <Filter>src\Core</Filter>
    </ClCompile>
    <ClCompile Include="..\Classes\AppDelegate\AppDelegate.cpp" />
    <ClCompile Include="..\Classes\Scene\VillageScene.cpp" />
    <ClCompile Include="..\Classes\Scene\BattleScene.cpp" />
    <ClCompile Include="..\Classes\UI\StoreWindow.cpp" />
    <ClCompile Include="..\Classes\Entity\Building\TownHall.cpp" />
    <ClCompile Include="..\Classes\Entity\Building\Building.cpp" />
    <ClCompile Include="..\Classes\System\ResourceManager.cpp" />
    <ClCompile Include="..\Classes\Entity\Building\ResourceBuilding.cpp" />
    <ClCompile Include="..\Classes\Utils\GridUtils.cpp" />
    <ClCompile Include="..\Classes\Entity\Building\StorageBuilding.cpp" />
    <ClCompile Include="..\Classes\Entity\Building\DefenseBuilding.cpp" />
    <ClCompile Include="..\Classes\UI\HUDLayer.cpp" />
    <ClCompile Include="..\Classes\UI\BuildingPanel.cpp" />
    <ClCompile Include="..\Classes\Entity\Unit\Unit.cpp" />
    <ClCompile Include="..\Classes\Entity\Unit\MeleeUnit.cpp" />
    <ClCompile Include="..\Classes\Entity\Unit\RangedUnit.cpp" />
    <ClCompile Include="..\Classes\Entity\Unit\WallBreaker.cpp" />
    <ClCompile Include="..\Classes\Entity\Unit\TankUnit.cpp" />
    <ClCompile Include="..\Classes\Utils\CameraUtils.cpp" />
    <ClCompile Include="..\Classes\Core\ConfigManager.cpp" />
    <ClCompile Include="..\Classes\Core\ConfigManagerUnit.cpp" />
    <ClCompile Include="..\Classes\System\ArmyManager.cpp" />
  </ItemGroup>
  <ItemGroup>
    <ClInclude Include="main.h">
      <Filter>win32</Filter>
    </ClInclude>
    <ClInclude Include="..\Classes\HelloWorldScene.h">
      <Filter>src</Filter>
    </ClInclude>
    <ClInclude Include="..\Classes\Core\ConfigManagerUnit.h">
      <Filter>src\Core</Filter>
    </ClInclude>
    <ClInclude Include="..\Classes\Core\EventDispatcher.h">
      <Filter>src\Core</Filter>
    </ClInclude>
    <ClInclude Include="..\Classes\Core\GameDirector.h">
      <Filter>src\Core</Filter>
    </ClInclude>
    <ClInclude Include="..\Classes\AppDelegate\AppDelegate.h" />
    <ClInclude Include="..\Classes\Data\BuildingData.h" />
    <ClInclude Include="..\Classes\Data\MapData.h" />
    <ClInclude Include="..\Classes\Data\UnitData.h" />
    <ClInclude Include="..\Classes\Entity\Building\Building.h" />
    <ClInclude Include="..\Classes\Entity\Building\DefenseBuilding.h" />
    <ClInclude Include="..\Classes\Entity\Building\MilitaryBuilding.h" />
    <ClInclude Include="..\Classes\Entity\Building\ResourceBuilding.h" />
    <ClInclude Include="..\Classes\Entity\Building\StorageBuilding.h" />
    <ClInclude Include="..\Classes\Entity\Building\TownHall.h" />
    <ClInclude Include="..\Classes\Entity\Unit\MeleeUnit.h" />
    <ClInclude Include="..\Classes\Entity\Unit\RangedUnit.h" />
    <ClInclude Include="..\Classes\Entity\Unit\TankUnit.h" />
    <ClInclude Include="..\Classes\Entity\Unit\Unit.h" />
    <ClInclude Include="..\Classes\Entity\Unit\WallBreaker.h" />
    <ClInclude Include="..\Classes\Entity\GameObject.h" />
    <ClInclude Include="..\Classes\Scene\BattleScene.h" />
    <ClInclude Include="..\Classes\Scene\MenuScene.h" />
    <ClInclude Include="..\Classes\Scene\VillageScene.h" />
    <ClInclude Include="..\Classes\System\ArmyManager.h" />
    <ClInclude Include="..\Classes\System\BuilderManager.h" />
    <ClInclude Include="..\Classes\System\CombatSystem.h" />
    <ClInclude Include="..\Classes\System\PathfindingSystem.h" />
    <ClInclude Include="..\Classes\System\ResourceManager.h" />
    <ClInclude Include="..\Classes\UI\BuildingPanel.h" />
    <ClInclude Include="..\Classes\UI\HUDLayer.h" />
    <ClInclude Include="..\Classes\UI\StoreWindow.h" />
    <ClInclude Include="..\Classes\Utils\Constants.h" />
    <ClInclude Include="..\Classes\Utils\GridUtils.h" />
    <ClInclude Include="..\Classes\Utils\TimerUtils.h" />
    <ClInclude Include="..\Classes\Utils\CameraUtils.h" />
  </ItemGroup>
  <ItemGroup>
    <ResourceCompile Include="game.rc">
      <Filter>resource</Filter>
    </ResourceCompile>
  </ItemGroup>
  <ItemGroup>
    <None Include="..\Classes\Core\Core.md">
      <Filter>src\Core</Filter>
    </None>
  </ItemGroup>
</Project>